
Microsoft Visual Studio Solution File, Format Version 12.00
# Visual Studio Version 17
VisualStudioVersion = 17.9.34902.65
MinimumVisualStudioVersion = 10.0.40219.1
Project("{8BC9CEB8-8B4A-11D0-8D11-00A0C91BC942}") = "RingQ", "RingQ.vcxproj", "{60E5E96E-644A-4736-A9DB-73E0CA95C150}"
EndProject
Global
	GlobalSection(SolutionConfigurationPlatforms) = preSolution
		Debug|x64 = Debug|x64
		Debug|x86 = Debug|x86
		Release|x64 = Release|x64
		Release|x86 = Release|x86
	EndGlobalSection
	GlobalSection(ProjectConfigurationPlatforms) = postSolution
		{60E5E96E-644A-4736-A9DB-73E0CA95C150}.Debug|x64.ActiveCfg = Debug|x64
		{60E5E96E-644A-4736-A9DB-73E0CA95C150}.Debug|x64.Build.0 = Debug|x64
		{60E5E96E-644A-4736-A9DB-73E0CA95C150}.Debug|x86.ActiveCfg = Debug|Win32
		{60E5E96E-644A-4736-A9DB-73E0CA95C150}.Debug|x86.Build.0 = Debug|Win32
		{60E5E96E-644A-4736-A9DB-73E0CA95C150}.Release|x64.ActiveCfg = Release|x64
		{60E5E96E-644A-4736-A9DB-73E0CA95C150}.Release|x64.Build.0 = Release|x64
		{60E5E96E-644A-4736-A9DB-73E0CA95C150}.Release|x86.ActiveCfg = Release|Win32
		{60E5E96E-644A-4736-A9DB-73E0CA95C150}.Release|x86.Build.0 = Release|Win32
	EndGlobalSection
	GlobalSection(SolutionProperties) = preSolution
		HideSolutionNode = FALSE
	EndGlobalSection
	GlobalSection(ExtensibilityGlobals) = postSolution
		SolutionGuid = {18CDF010-C15C-4770-A70F-24CF1D9FA887}
	EndGlobalSection
EndGlobal
